
Microsoft Visual Studio Solution File, Format Version 12.00
# Visual Studio 2012
Project("{FAE04EC0-301F-11D3-BF4B-00C04F79EFBC}") = "NuGetServerWebApplication", "NuGetServerWebApplication\NuGetServerWebApplication.csproj", "{A70DB024-4770-4799-90D7-8A7C486CD5C8}"
EndProject
Project("{FAE04EC0-301F-11D3-BF4B-00C04F79EFBC}") = "WebApplicationTestPrivateServer", "WebApplicationTestPrivateServer\WebApplicationTestPrivateServer.csproj", "{0139FB26-34D2-436C-A11A-76FA5FF49CA9}"
EndProject
Project("{2150E333-8FDC-42A3-9474-1A3956D46DE8}") = "Solution Items", "Solution Items", "{AE83BCCC-EF48-46BA-AD55-E4199D600580}"
	ProjectSection(SolutionItems) = preProject
		Readme.txt = Readme.txt
	EndProjectSection
EndProject
Project("{2150E333-8FDC-42A3-9474-1A3956D46DE8}") = ".nuget", ".nuget", "{DFF245BD-C7C0-4D06-93DD-5EA290FA9762}"
	ProjectSection(SolutionItems) = preProject
		.nuget\NuGet.Config = .nuget\NuGet.Config
		.nuget\NuGet.exe = .nuget\NuGet.exe
		.nuget\NuGet.targets = .nuget\NuGet.targets
	EndProjectSection
EndProject
Global
	GlobalSection(SolutionConfigurationPlatforms) = preSolution
		Debug|Any CPU = Debug|Any CPU
		Release|Any CPU = Release|Any CPU
	EndGlobalSection
	GlobalSection(ProjectConfigurationPlatforms) = postSolution
		{A70DB024-4770-4799-90D7-8A7C486CD5C8}.Debug|Any CPU.ActiveCfg = Debug|Any CPU
		{A70DB024-4770-4799-90D7-8A7C486CD5C8}.Debug|Any CPU.Build.0 = Debug|Any CPU
		{A70DB024-4770-4799-90D7-8A7C486CD5C8}.Release|Any CPU.ActiveCfg = Release|Any CPU
		{A70DB024-4770-4799-90D7-8A7C486CD5C8}.Release|Any CPU.Build.0 = Release|Any CPU
		{0139FB26-34D2-436C-A11A-76FA5FF49CA9}.Debug|Any CPU.ActiveCfg = Debug|Any CPU
		{0139FB26-34D2-436C-A11A-76FA5FF49CA9}.Debug|Any CPU.Build.0 = Debug|Any CPU
		{0139FB26-34D2-436C-A11A-76FA5FF49CA9}.Release|Any CPU.ActiveCfg = Release|Any CPU
		{0139FB26-34D2-436C-A11A-76FA5FF49CA9}.Release|Any CPU.Build.0 = Release|Any CPU
	EndGlobalSection
	GlobalSection(SolutionProperties) = preSolution
		HideSolutionNode = FALSE
	EndGlobalSection
EndGlobal
